
Microsoft Visual Studio Solution File, Format Version 12.00
# Visual Studio 2012
Project("{FAE04EC0-301F-11D3-BF4B-00C04F79EFBC}") = "qwertyui", "qwertyui\qwertyui.csproj", "{ABAED2C8-2E39-4152-A243-643842A6977F}"
EndProject
Project("{FAE04EC0-301F-11D3-BF4B-00C04F79EFBC}") = "qwertyui.iOS", "iOS\qwertyui.iOS.csproj", "{4FAA6028-B88E-4951-B188-631191A0A1FC}"
EndProject
Project("{FAE04EC0-301F-11D3-BF4B-00C04F79EFBC}") = "qwertyui.Droid", "Droid\qwertyui.Droid.csproj", "{9F9B2C97-1B92-42B2-8E60-612C604998B4}"
EndProject
Global
	GlobalSection(SolutionConfigurationPlatforms) = preSolution
		Debug|Any CPU = Debug|Any CPU
		Release|Any CPU = Release|Any CPU
		Debug|iPhoneSimulator = Debug|iPhoneSimulator
		Release|iPhone = Release|iPhone
		Release|iPhoneSimulator = Release|iPhoneSimulator
		Debug|iPhone = Debug|iPhone
	EndGlobalSection
	GlobalSection(ProjectConfigurationPlatforms) = postSolution
		{ABAED2C8-2E39-4152-A243-643842A6977F}.Debug|Any CPU.ActiveCfg = Debug|Any CPU
		{ABAED2C8-2E39-4152-A243-643842A6977F}.Debug|Any CPU.Build.0 = Debug|Any CPU
		{ABAED2C8-2E39-4152-A243-643842A6977F}.Release|Any CPU.ActiveCfg = Release|Any CPU
		{ABAED2C8-2E39-4152-A243-643842A6977F}.Release|Any CPU.Build.0 = Release|Any CPU
		{ABAED2C8-2E39-4152-A243-643842A6977F}.Debug|iPhoneSimulator.ActiveCfg = Debug|Any CPU
		{ABAED2C8-2E39-4152-A243-643842A6977F}.Debug|iPhoneSimulator.Build.0 = Debug|Any CPU
		{ABAED2C8-2E39-4152-A243-643842A6977F}.Release|iPhone.ActiveCfg = Release|Any CPU
		{ABAED2C8-2E39-4152-A243-643842A6977F}.Release|iPhone.Build.0 = Release|Any CPU
		{ABAED2C8-2E39-4152-A243-643842A6977F}.Release|iPhoneSimulator.ActiveCfg = Release|Any CPU
		{ABAED2C8-2E39-4152-A243-643842A6977F}.Release|iPhoneSimulator.Build.0 = Release|Any CPU
		{ABAED2C8-2E39-4152-A243-643842A6977F}.Debug|iPhone.ActiveCfg = Debug|Any CPU
		{ABAED2C8-2E39-4152-A243-643842A6977F}.Debug|iPhone.Build.0 = Debug|Any CPU
		{4FAA6028-B88E-4951-B188-631191A0A1FC}.Debug|Any CPU.ActiveCfg = Debug|iPhoneSimulator
		{4FAA6028-B88E-4951-B188-631191A0A1FC}.Debug|Any CPU.Build.0 = Debug|iPhoneSimulator
		{4FAA6028-B88E-4951-B188-631191A0A1FC}.Release|Any CPU.ActiveCfg = Release|iPhone
		{4FAA6028-B88E-4951-B188-631191A0A1FC}.Release|Any CPU.Build.0 = Release|iPhone
		{4FAA6028-B88E-4951-B188-631191A0A1FC}.Debug|iPhoneSimulator.ActiveCfg = Debug|iPhoneSimulator
		{4FAA6028-B88E-4951-B188-631191A0A1FC}.Debug|iPhoneSimulator.Build.0 = Debug|iPhoneSimulator
		{4FAA6028-B88E-4951-B188-631191A0A1FC}.Release|iPhone.ActiveCfg = Release|iPhone
		{4FAA6028-B88E-4951-B188-631191A0A1FC}.Release|iPhone.Build.0 = Release|iPhone
		{4FAA6028-B88E-4951-B188-631191A0A1FC}.Release|iPhoneSimulator.ActiveCfg = Release|iPhoneSimulator
		{4FAA6028-B88E-4951-B188-631191A0A1FC}.Release|iPhoneSimulator.Build.0 = Release|iPhoneSimulator
		{4FAA6028-B88E-4951-B188-631191A0A1FC}.Debug|iPhone.ActiveCfg = Debug|iPhone
		{4FAA6028-B88E-4951-B188-631191A0A1FC}.Debug|iPhone.Build.0 = Debug|iPhone
		{9F9B2C97-1B92-42B2-8E60-612C604998B4}.Debug|Any CPU.ActiveCfg = Debug|Any CPU
		{9F9B2C97-1B92-42B2-8E60-612C604998B4}.Debug|Any CPU.Build.0 = Debug|Any CPU
		{9F9B2C97-1B92-42B2-8E60-612C604998B4}.Release|Any CPU.ActiveCfg = Release|Any CPU
		{9F9B2C97-1B92-42B2-8E60-612C604998B4}.Release|Any CPU.Build.0 = Release|Any CPU
		{9F9B2C97-1B92-42B2-8E60-612C604998B4}.Debug|iPhoneSimulator.ActiveCfg = Debug|Any CPU
		{9F9B2C97-1B92-42B2-8E60-612C604998B4}.Debug|iPhoneSimulator.Build.0 = Debug|Any CPU
		{9F9B2C97-1B92-42B2-8E60-612C604998B4}.Release|iPhone.ActiveCfg = Release|Any CPU
		{9F9B2C97-1B92-42B2-8E60-612C604998B4}.Release|iPhone.Build.0 = Release|Any CPU
		{9F9B2C97-1B92-42B2-8E60-612C604998B4}.Release|iPhoneSimulator.ActiveCfg = Release|Any CPU
		{9F9B2C97-1B92-42B2-8E60-612C604998B4}.Release|iPhoneSimulator.Build.0 = Release|Any CPU
		{9F9B2C97-1B92-42B2-8E60-612C604998B4}.Debug|iPhone.ActiveCfg = Debug|Any CPU
		{9F9B2C97-1B92-42B2-8E60-612C604998B4}.Debug|iPhone.Build.0 = Debug|Any CPU
	EndGlobalSection
EndGlobal
